
Microsoft Visual Studio Solution File, Format Version 11.00
# Visual Studio 2010
Project("{FAE04EC0-301F-11D3-BF4B-00C04F79EFBC}") = "Arbol", "Arbol\Arbol.csproj", "{45D33181-AEA1-49B6-A025-009CA7D34B7C}"
EndProject
Project("{FAE04EC0-301F-11D3-BF4B-00C04F79EFBC}") = "Test", "Test\Test.csproj", "{4F9A0078-8F84-4BDF-A502-EB54FBB93683}"
EndProject
Project("{FAE04EC0-301F-11D3-BF4B-00C04F79EFBC}") = "Interfaz", "Interfaz\Interfaz.csproj", "{CFC5AF6E-83C5-4BE8-B081-356E3DEA68CA}"
EndProject
Global
	GlobalSection(SolutionConfigurationPlatforms) = preSolution
		Debug|Any CPU = Debug|Any CPU
		Debug|Mixed Platforms = Debug|Mixed Platforms
		Debug|x86 = Debug|x86
		Release|Any CPU = Release|Any CPU
		Release|Mixed Platforms = Release|Mixed Platforms
		Release|x86 = Release|x86
	EndGlobalSection
	GlobalSection(ProjectConfigurationPlatforms) = postSolution
		{45D33181-AEA1-49B6-A025-009CA7D34B7C}.Debug|Any CPU.ActiveCfg = Debug|Any CPU
		{45D33181-AEA1-49B6-A025-009CA7D34B7C}.Debug|Any CPU.Build.0 = Debug|Any CPU
		{45D33181-AEA1-49B6-A025-009CA7D34B7C}.Debug|Mixed Platforms.ActiveCfg = Debug|Any CPU
		{45D33181-AEA1-49B6-A025-009CA7D34B7C}.Debug|Mixed Platforms.Build.0 = Debug|Any CPU
		{45D33181-AEA1-49B6-A025-009CA7D34B7C}.Debug|x86.ActiveCfg = Debug|Any CPU
		{45D33181-AEA1-49B6-A025-009CA7D34B7C}.Release|Any CPU.ActiveCfg = Release|Any CPU
		{45D33181-AEA1-49B6-A025-009CA7D34B7C}.Release|Any CPU.Build.0 = Release|Any CPU
		{45D33181-AEA1-49B6-A025-009CA7D34B7C}.Release|Mixed Platforms.ActiveCfg = Release|Any CPU
		{45D33181-AEA1-49B6-A025-009CA7D34B7C}.Release|Mixed Platforms.Build.0 = Release|Any CPU
		{45D33181-AEA1-49B6-A025-009CA7D34B7C}.Release|x86.ActiveCfg = Release|Any CPU
		{4F9A0078-8F84-4BDF-A502-EB54FBB93683}.Debug|Any CPU.ActiveCfg = Debug|x86
		{4F9A0078-8F84-4BDF-A502-EB54FBB93683}.Debug|Mixed Platforms.ActiveCfg = Debug|x86
		{4F9A0078-8F84-4BDF-A502-EB54FBB93683}.Debug|Mixed Platforms.Build.0 = Debug|x86
		{4F9A0078-8F84-4BDF-A502-EB54FBB93683}.Debug|x86.ActiveCfg = Debug|x86
		{4F9A0078-8F84-4BDF-A502-EB54FBB93683}.Debug|x86.Build.0 = Debug|x86
		{4F9A0078-8F84-4BDF-A502-EB54FBB93683}.Release|Any CPU.ActiveCfg = Release|x86
		{4F9A0078-8F84-4BDF-A502-EB54FBB93683}.Release|Mixed Platforms.ActiveCfg = Release|x86
		{4F9A0078-8F84-4BDF-A502-EB54FBB93683}.Release|Mixed Platforms.Build.0 = Release|x86
		{4F9A0078-8F84-4BDF-A502-EB54FBB93683}.Release|x86.ActiveCfg = Release|x86
		{4F9A0078-8F84-4BDF-A502-EB54FBB93683}.Release|x86.Build.0 = Release|x86
		{CFC5AF6E-83C5-4BE8-B081-356E3DEA68CA}.Debug|Any CPU.ActiveCfg = Debug|x86
		{CFC5AF6E-83C5-4BE8-B081-356E3DEA68CA}.Debug|Mixed Platforms.ActiveCfg = Debug|x86
		{CFC5AF6E-83C5-4BE8-B081-356E3DEA68CA}.Debug|Mixed Platforms.Build.0 = Debug|x86
		{CFC5AF6E-83C5-4BE8-B081-356E3DEA68CA}.Debug|x86.ActiveCfg = Debug|x86
		{CFC5AF6E-83C5-4BE8-B081-356E3DEA68CA}.Debug|x86.Build.0 = Debug|x86
		{CFC5AF6E-83C5-4BE8-B081-356E3DEA68CA}.Release|Any CPU.ActiveCfg = Release|x86
		{CFC5AF6E-83C5-4BE8-B081-356E3DEA68CA}.Release|Mixed Platforms.ActiveCfg = Release|x86
		{CFC5AF6E-83C5-4BE8-B081-356E3DEA68CA}.Release|Mixed Platforms.Build.0 = Release|x86
		{CFC5AF6E-83C5-4BE8-B081-356E3DEA68CA}.Release|x86.ActiveCfg = Release|x86
		{CFC5AF6E-83C5-4BE8-B081-356E3DEA68CA}.Release|x86.Build.0 = Release|x86
	EndGlobalSection
	GlobalSection(SolutionProperties) = preSolution
		HideSolutionNode = FALSE
	EndGlobalSection
EndGlobal
